// !$*UTF8*$!
{
	archiveVersion = 1;
	classes = {
	};
	objectVersion = 46;
	objects = {

/* Begin PBXBuildFile section */
		E60ABAAB1F32684F009CB724 /* AppDelegate.swift in Sources */ = {isa = PBXBuildFile; fileRef = E60ABAAA1F32684F009CB724 /* AppDelegate.swift */; };
		E60ABAAD1F32684F009CB724 /* GameScene.sks in Resources */ = {isa = PBXBuildFile; fileRef = E60ABAAC1F32684F009CB724 /* GameScene.sks */; };
		E60ABAAF1F32684F009CB724 /* Actions.sks in Resources */ = {isa = PBXBuildFile; fileRef = E60ABAAE1F32684F009CB724 /* Actions.sks */; };
		E60ABAB11F32684F009CB724 /* GameScene.swift in Sources */ = {isa = PBXBuildFile; fileRef = E60ABAB01F32684F009CB724 /* GameScene.swift */; };
		E60ABAB31F32684F009CB724 /* GameViewController.swift in Sources */ = {isa = PBXBuildFile; fileRef = E60ABAB21F32684F009CB724 /* GameViewController.swift */; };
		E60ABAB61F32684F009CB724 /* Main.storyboard in Resources */ = {isa = PBXBuildFile; fileRef = E60ABAB41F32684F009CB724 /* Main.storyboard */; };
		E60ABAB81F32684F009CB724 /* Assets.xcassets in Resources */ = {isa = PBXBuildFile; fileRef = E60ABAB71F32684F009CB724 /* Assets.xcassets */; };
		E60ABABB1F32684F009CB724 /* LaunchScreen.storyboard in Resources */ = {isa = PBXBuildFile; fileRef = E60ABAB91F32684F009CB724 /* LaunchScreen.storyboard */; };
		E66AA7D01F32756900EAB9D7 /* LICENSE in Resources */ = {isa = PBXBuildFile; fileRef = E66AA7CF1F32756900EAB9D7 /* LICENSE */; };
		E6E4AA791F3271B500567A0C /* Test.swift in Sources */ = {isa = PBXBuildFile; fileRef = E6E4AA781F3271B500567A0C /* Test.swift */; };
/* End PBXBuildFile section */

/* Begin PBXFileReference section */
		E60ABAA71F32684F009CB724 /* Test.app */ = {isa = PBXFileReference; explicitFileType = wrapper.application; includeInIndex = 0; path = Test.app; sourceTree = BUILT_PRODUCTS_DIR; };
		E60ABAAA1F32684F009CB724 /* AppDelegate.swift */ = {isa = PBXFileReference; lastKnownFileType = sourcecode.swift; path = AppDelegate.swift; sourceTree = "<group>"; };
		E60ABAAC1F32684F009CB724 /* GameScene.sks */ = {isa = PBXFileReference; lastKnownFileType = file.sks; path = GameScene.sks; sourceTree = "<group>"; };
		E60ABAAE1F32684F009CB724 /* Actions.sks */ = {isa = PBXFileReference; lastKnownFileType = file.sks; path = Actions.sks; sourceTree = "<group>"; };
		E60ABAB01F32684F009CB724 /* GameScene.swift */ = {isa = PBXFileReference; lastKnownFileType = sourcecode.swift; path = GameScene.swift; sourceTree = "<group>"; };
		E60ABAB21F32684F009CB724 /* GameViewController.swift */ = {isa = PBXFileReference; lastKnownFileType = sourcecode.swift; path = GameViewController.swift; sourceTree = "<group>"; };
		E60ABAB51F32684F009CB724 /* Base */ = {isa = PBXFileReference; lastKnownFileType = file.storyboard; name = Base; path = Base.lproj/Main.storyboard; sourceTree = "<group>"; };
		E60ABAB71F32684F009CB724 /* Assets.xcassets */ = {isa = PBXFileReference; lastKnownFileType = folder.assetcatalog; path = Assets.xcassets; sourceTree = "<group>"; };
		E60ABABA1F32684F009CB724 /* Base */ = {isa = PBXFileReference; lastKnownFileType = file.storyboard; name = Base; path = Base.lproj/LaunchScreen.storyboard; sourceTree = "<group>"; };
		E60ABABC1F32684F009CB724 /* Info.plist */ = {isa = PBXFileReference; lastKnownFileType = text.plist.xml; path = Info.plist; sourceTree = "<group>"; };
		E66AA7CF1F32756900EAB9D7 /* LICENSE */ = {isa = PBXFileReference; fileEncoding = 4; lastKnownFileType = text; path = LICENSE; sourceTree = "<group>"; };
		E6E4AA781F3271B500567A0C /* Test.swift */ = {isa = PBXFileReference; fileEncoding = 4; lastKnownFileType = sourcecode.swift; path = Test.swift; sourceTree = "<group>"; };
/* End PBXFileReference section */

/* Begin PBXFrameworksBuildPhase section */
		E60ABAA41F32684F009CB724 /* Frameworks */ = {
			isa = PBXFrameworksBuildPhase;
			buildActionMask = 2147483647;
			files = (
			);
			runOnlyForDeploymentPostprocessing = 0;
		};
/* End PBXFrameworksBuildPhase section */

/* Begin PBXGroup section */
		E60ABA9E1F32684E009CB724 = {
			isa = PBXGroup;
			children = (
				E66AA7CF1F32756900EAB9D7 /* LICENSE */,
				E60ABAA91F32684F009CB724 /* Test */,
				E60ABAA81F32684F009CB724 /* Products */,
			);
			sourceTree = "<group>";
		};
		E60ABAA81F32684F009CB724 /* Products */ = {
			isa = PBXGroup;
			children = (
				E60ABAA71F32684F009CB724 /* Test.app */,
			);
			name = Products;
			sourceTree = "<group>";
		};
		E60ABAA91F32684F009CB724 /* Test */ = {
			isa = PBXGroup;
			children = (
				E60ABAAA1F32684F009CB724 /* AppDelegate.swift */,
				E60ABAAC1F32684F009CB724 /* GameScene.sks */,
				E60ABAAE1F32684F009CB724 /* Actions.sks */,
				E60ABAB01F32684F009CB724 /* GameScene.swift */,
				E6E4AA781F3271B500567A0C /* Test.swift */,
				E60ABAB21F32684F009CB724 /* GameViewController.swift */,
				E60ABAB41F32684F009CB724 /* Main.storyboard */,
				E60ABAB71F32684F009CB724 /* Assets.xcassets */,
				E60ABAB91F32684F009CB724 /* LaunchScreen.storyboard */,
				E60ABABC1F32684F009CB724 /* Info.plist */,
			);
			path = Test;
			sourceTree = "<group>";
		};
/* End PBXGroup section */

/* Begin PBXNativeTarget section */
		E60ABAA61F32684F009CB724 /* Test */ = {
			isa = PBXNativeTarget;
			buildConfigurationList = E60ABABF1F32684F009CB724 /* Build configuration list for PBXNativeTarget "Test" */;
			buildPhases = (
				E60ABAA31F32684F009CB724 /* Sources */,
				E60ABAA41F32684F009CB724 /* Frameworks */,
				E60ABAA51F32684F009CB724 /* Resources */,
			);
			buildRules = (
			);
			dependencies = (
			);
			name = Test;
			productName = Test;
			productReference = E60ABAA71F32684F009CB724 /* Test.app */;
			productType = "com.apple.product-type.application";
		};
/* End PBXNativeTarget section */

/* Begin PBXProject section */
		E60ABA9F1F32684E009CB724 /* Project object */ = {
			isa = PBXProject;
			attributes = {
				LastSwiftUpdateCheck = 0830;
				LastUpgradeCheck = 0830;
				ORGANIZATIONNAME = "Eyehook Games LLC";
				TargetAttributes = {
					E60ABAA61F32684F009CB724 = {
						CreatedOnToolsVersion = 8.3.3;
						ProvisioningStyle = Automatic;
					};
				};
			};
			buildConfigurationList = E60ABAA21F32684E009CB724 /* Build configuration list for PBXProject "Test" */;
			compatibilityVersion = "Xcode 3.2";
			developmentRegion = English;
			hasScannedForEncodings = 0;
			knownRegions = (
				en,
				Base,
			);
			mainGroup = E60ABA9E1F32684E009CB724;
			productRefGroup = E60ABAA81F32684F009CB724 /* Products */;
			projectDirPath = "";
			projectRoot = "";
			targets = (
				E60ABAA61F32684F009CB724 /* Test */,
			);
		};
/* End PBXProject section */

/* Begin PBXResourcesBuildPhase section */
		E60ABAA51F32684F009CB724 /* Resources */ = {
			isa = PBXResourcesBuildPhase;
			buildActionMask = 2147483647;
			files = (
				E66AA7D01F32756900EAB9D7 /* LICENSE in Resources */,
				E60ABAB61F32684F009CB724 /* Main.storyboard in Resources */,
				E60ABAAD1F32684F009CB724 /* GameScene.sks in Resources */,
				E60ABAB81F32684F009CB724 /* Assets.xcassets in Resources */,
				E60ABABB1F32684F009CB724 /* LaunchScreen.storyboard in Resources */,
				E60ABAAF1F32684F009CB724 /* Actions.sks in Resources */,
			);
			runOnlyForDeploymentPostprocessing = 0;
		};
/* End PBXResourcesBuildPhase section */

/* Begin PBXSourcesBuildPhase section */
		E60ABAA31F32684F009CB724 /* Sources */ = {
			isa = PBXSourcesBuildPhase;
			buildActionMask = 2147483647;
			files = (
				E60ABAB11F32684F009CB724 /* GameScene.swift in Sources */,
				E6E4AA791F3271B500567A0C /* Test.swift in Sources */,
				E60ABAB31F32684F009CB724 /* GameViewController.swift in Sources */,
				E60ABAAB1F32684F009CB724 /* AppDelegate.swift in Sources */,
			);
			runOnlyForDeploymentPostprocessing = 0;
		};
/* End PBXSourcesBuildPhase section */

/* Begin PBXVariantGroup section */
		E60ABAB41F32684F009CB724 /* Main.storyboard */ = {
			isa = PBXVariantGroup;
			children = (
				E60ABAB51F32684F009CB724 /* Base */,
			);
			name = Main.storyboard;
			sourceTree = "<group>";
		};
		E60ABAB91F32684F009CB724 /* LaunchScreen.storyboard */ = {
			isa = PBXVariantGroup;
			children = (
				E60ABABA1F32684F009CB724 /* Base */,
			);
			name = LaunchScreen.storyboard;
			sourceTree = "<group>";
		};
/* End PBXVariantGroup section */

/* Begin XCBuildConfiguration section */
		E60ABABD1F32684F009CB724 /* Debug */ = {
			isa = XCBuildConfiguration;
			buildSettings = {
				ALWAYS_SEARCH_USER_PATHS = NO;
				CLANG_ANALYZER_NONNULL = YES;
				CLANG_ANALYZER_NUMBER_OBJECT_CONVERSION = YES_AGGRESSIVE;
				CLANG_CXX_LANGUAGE_STANDARD = "gnu++0x";
				CLANG_CXX_LIBRARY = "libc++";
				CLANG_ENABLE_MODULES = YES;
				CLANG_ENABLE_OBJC_ARC = YES;
				CLANG_WARN_BOOL_CONVERSION = YES;
				CLANG_WARN_CONSTANT_CONVERSION = YES;
				CLANG_WARN_DIRECT_OBJC_ISA_USAGE = YES_ERROR;
				CLANG_WARN_DOCUMENTATION_COMMENTS = YES;
				CLANG_WARN_EMPTY_BODY = YES;
				CLANG_WARN_ENUM_CONVERSION = YES;
				CLANG_WARN_INFINITE_RECURSION = YES;
				CLANG_WARN_INT_CONVERSION = YES;
				CLANG_WARN_OBJC_ROOT_CLASS = YES_ERROR;
				CLANG_WARN_SUSPICIOUS_MOVE = YES;
				CLANG_WARN_UNREACHABLE_CODE = YES;
				CLANG_WARN__DUPLICATE_METHOD_MATCH = YES;
				"CODE_SIGN_IDENTITY[sdk=iphoneos*]" = "iPhone Developer";
				COPY_PHASE_STRIP = NO;
				DEBUG_INFORMATION_FORMAT = dwarf;
				ENABLE_STRICT_OBJC_MSGSEND = YES;
				ENABLE_TESTABILITY = YES;
				GCC_C_LANGUAGE_STANDARD = gnu99;
				GCC_DYNAMIC_NO_PIC = NO;
				GCC_NO_COMMON_BLOCKS = YES;
				GCC_OPTIMIZATION_LEVEL = 0;
				GCC_PREPROCESSOR_DEFINITIONS = (
					"DEBUG=1",
					"$(inherited)",
				);
				GCC_WARN_64_TO_32_BIT_CONVERSION = YES;
				GCC_WARN_ABOUT_RETURN_TYPE = YES_ERROR;
				GCC_WARN_UNDECLARED_SELECTOR = YES;
				GCC_WARN_UNINITIALIZED_AUTOS = YES_AGGRESSIVE;
				GCC_WARN_UNUSED_FUNCTION = YES;
				GCC_WARN_UNUSED_VARIABLE = YES;
				IPHONEOS_DEPLOYMENT_TARGET = 10.3;
				MTL_ENABLE_DEBUG_INFO = YES;
				ONLY_ACTIVE_ARCH = YES;
				SDKROOT = iphoneos;
				SWIFT_ACTIVE_COMPILATION_CONDITIONS = DEBUG;
				SWIFT_OPTIMIZATION_LEVEL = "-Onone";
				TARGETED_DEVICE_FAMILY = "1,2";
			};
			name = Debug;
		};
		E60ABABE1F32684F009CB724 /* Release */ = {
			isa = XCBuildConfiguration;
			buildSettings = {
				ALWAYS_SEARCH_USER_PATHS = NO;
				CLANG_ANALYZER_NONNULL = YES;
				CLANG_ANALYZER_NUMBER_OBJECT_CONVERSION = YES_AGGRESSIVE;
				CLANG_CXX_LANGUAGE_STANDARD = "gnu++0x";
				CLANG_CXX_LIBRARY = "libc++";
				CLANG_ENABLE_MODULES = YES;
				CLANG_ENABLE_OBJC_ARC = YES;
				CLANG_WARN_BOOL_CONVERSION = YES;
				CLANG_WARN_CONSTANT_CONVERSION = YES;
				CLANG_WARN_DIRECT_OBJC_ISA_USAGE = YES_ERROR;
				CLANG_WARN_DOCUMENTATION_COMMENTS = YES;
				CLANG_WARN_EMPTY_BODY = YES;
				CLANG_WARN_ENUM_CONVERSION = YES;
				CLANG_WARN_INFINITE_RECURSION = YES;
				CLANG_WARN_INT_CONVERSION = YES;
				CLANG_WARN_OBJC_ROOT_CLASS = YES_ERROR;
				CLANG_WARN_SUSPICIOUS_MOVE = YES;
				CLANG_WARN_UNREACHABLE_CODE = YES;
				CLANG_WARN__DUPLICATE_METHOD_MATCH = YES;
				"CODE_SIGN_IDENTITY[sdk=iphoneos*]" = "iPhone Developer";
				COPY_PHASE_STRIP = NO;
				DEBUG_INFORMATION_FORMAT = "dwarf-with-dsym";
				ENABLE_NS_ASSERTIONS = NO;
				ENABLE_STRICT_OBJC_MSGSEND = YES;
				GCC_C_LANGUAGE_STANDARD = gnu99;
				GCC_NO_COMMON_BLOCKS = YES;
				GCC_WARN_64_TO_32_BIT_CONVERSION = YES;
				GCC_WARN_ABOUT_RETURN_TYPE = YES_ERROR;
				GCC_WARN_UNDECLARED_SELECTOR = YES;
				GCC_WARN_UNINITIALIZED_AUTOS = YES_AGGRESSIVE;
				GCC_WARN_UNUSED_FUNCTION = YES;
				GCC_WARN_UNUSED_VARIABLE = YES;
				IPHONEOS_DEPLOYMENT_TARGET = 10.3;
				MTL_ENABLE_DEBUG_INFO = NO;
				SDKROOT = iphoneos;
				SWIFT_OPTIMIZATION_LEVEL = "-Owholemodule";
				TARGETED_DEVICE_FAMILY = "1,2";
				VALIDATE_PRODUCT = YES;
			};
			name = Release;
		};
		E60ABAC01F32684F009CB724 /* Debug */ = {
			isa = XCBuildConfiguration;
			buildSettings = {
				ASSETCATALOG_COMPILER_APPICON_NAME = AppIcon;
				INFOPLIST_FILE = Test/Info.plist;
				LD_RUNPATH_SEARCH_PATHS = "$(inherited) @executable_path/Frameworks";
				PRODUCT_BUNDLE_IDENTIFIER = com.eyehookgames.Test;
				PRODUCT_NAME = "$(TARGET_NAME)";
				SWIFT_VERSION = 3.0;
			};
			name = Debug;
		};
		E60ABAC11F32684F009CB724 /* Release */ = {
			isa = XCBuildConfiguration;
			buildSettings = {
				ASSETCATALOG_COMPILER_APPICON_NAME = AppIcon;
				INFOPLIST_FILE = Test/Info.plist;
				LD_RUNPATH_SEARCH_PATHS = "$(inherited) @executable_path/Frameworks";
				PRODUCT_BUNDLE_IDENTIFIER = com.eyehookgames.Test;
				PRODUCT_NAME = "$(TARGET_NAME)";
				SWIFT_VERSION = 3.0;
			};
			name = Release;
		};
/* End XCBuildConfiguration section */

/* Begin XCConfigurationList section */
		E60ABAA21F32684E009CB724 /* Build configuration list for PBXProject "Test" */ = {
			isa = XCConfigurationList;
			buildConfigurations = (
				E60ABABD1F32684F009CB724 /* Debug */,
				E60ABABE1F32684F009CB724 /* Release */,
			);
			defaultConfigurationIsVisible = 0;
			defaultConfigurationName = Release;
		};
		E60ABABF1F32684F009CB724 /* Build configuration list for PBXNativeTarget "Test" */ = {
			isa = XCConfigurationList;
			buildConfigurations = (
				E60ABAC01F32684F009CB724 /* Debug */,
				E60ABAC11F32684F009CB724 /* Release */,
			);
			defaultConfigurationIsVisible = 0;
			defaultConfigurationName = Release;
		};
/* End XCConfigurationList section */
	};
	rootObject = E60ABA9F1F32684E009CB724 /* Project object */;
}
